
Microsoft Visual Studio Solution File, Format Version 12.00
# Visual Studio Version 17
VisualStudioVersion = 17.9.34723.18
MinimumVisualStudioVersion = 10.0.40219.1
Project("{FAE04EC0-301F-11D3-BF4B-00C04F79EFBC}") = "ArrayListExample", "ArrayListExample\ArrayListExample.csproj", "{42061E7D-BCE9-4316-B8D5-B4988FD75914}"
EndProject
Project("{FAE04EC0-301F-11D3-BF4B-00C04F79EFBC}") = "HashCollection", "HashCollection\HashCollection.csproj", "{E6889516-FA61-4EE5-B0F7-51F443BEFF93}"
EndProject
Project("{FAE04EC0-301F-11D3-BF4B-00C04F79EFBC}") = "GenericList", "GenericList\GenericList.csproj", "{D8D68BA6-B17B-41D4-95FD-9BF722D7E71D}"
EndProject
Project("{FAE04EC0-301F-11D3-BF4B-00C04F79EFBC}") = "DictionaryCollection", "DictionaryCollection\DictionaryCollection.csproj", "{D5F3E093-C3AF-4DDE-B66B-505F6ACB05C3}"
EndProject
Project("{FAE04EC0-301F-11D3-BF4B-00C04F79EFBC}") = "WriteReadFileExample", "WriteReadFileExample\WriteReadFileExample.csproj", "{A4AB6734-77B4-4F89-8C2F-5056D060BC0F}"
EndProject
Project("{FAE04EC0-301F-11D3-BF4B-00C04F79EFBC}") = "ReadWriteFileExample", "ReadWriteFileExample\ReadWriteFileExample.csproj", "{6B548BAD-65AE-4CCA-B455-296912EB4F11}"
EndProject
Project("{FAE04EC0-301F-11D3-BF4B-00C04F79EFBC}") = "DapperWithStoredProcedure", "DapperWithStoredProcedure\DapperWithStoredProcedure.csproj", "{F90DF0A0-9F54-4EF6-B53D-0CFD14417A98}"
EndProject
Project("{FAE04EC0-301F-11D3-BF4B-00C04F79EFBC}") = "DapperWebAPIStoredProcedure", "DapperWebAPIStoredProcedure\DapperWebAPIStoredProcedure.csproj", "{24E8697B-2D0C-4B83-8F0E-AD8705F93D86}"
EndProject
Global
	GlobalSection(SolutionConfigurationPlatforms) = preSolution
		Debug|Any CPU = Debug|Any CPU
		Release|Any CPU = Release|Any CPU
	EndGlobalSection
	GlobalSection(ProjectConfigurationPlatforms) = postSolution
		{42061E7D-BCE9-4316-B8D5-B4988FD75914}.Debug|Any CPU.ActiveCfg = Debug|Any CPU
		{42061E7D-BCE9-4316-B8D5-B4988FD75914}.Debug|Any CPU.Build.0 = Debug|Any CPU
		{42061E7D-BCE9-4316-B8D5-B4988FD75914}.Release|Any CPU.ActiveCfg = Release|Any CPU
		{42061E7D-BCE9-4316-B8D5-B4988FD75914}.Release|Any CPU.Build.0 = Release|Any CPU
		{E6889516-FA61-4EE5-B0F7-51F443BEFF93}.Debug|Any CPU.ActiveCfg = Debug|Any CPU
		{E6889516-FA61-4EE5-B0F7-51F443BEFF93}.Debug|Any CPU.Build.0 = Debug|Any CPU
		{E6889516-FA61-4EE5-B0F7-51F443BEFF93}.Release|Any CPU.ActiveCfg = Release|Any CPU
		{E6889516-FA61-4EE5-B0F7-51F443BEFF93}.Release|Any CPU.Build.0 = Release|Any CPU
		{D8D68BA6-B17B-41D4-95FD-9BF722D7E71D}.Debug|Any CPU.ActiveCfg = Debug|Any CPU
		{D8D68BA6-B17B-41D4-95FD-9BF722D7E71D}.Debug|Any CPU.Build.0 = Debug|Any CPU
		{D8D68BA6-B17B-41D4-95FD-9BF722D7E71D}.Release|Any CPU.ActiveCfg = Release|Any CPU
		{D8D68BA6-B17B-41D4-95FD-9BF722D7E71D}.Release|Any CPU.Build.0 = Release|Any CPU
		{D5F3E093-C3AF-4DDE-B66B-505F6ACB05C3}.Debug|Any CPU.ActiveCfg = Debug|Any CPU
		{D5F3E093-C3AF-4DDE-B66B-505F6ACB05C3}.Debug|Any CPU.Build.0 = Debug|Any CPU
		{D5F3E093-C3AF-4DDE-B66B-505F6ACB05C3}.Release|Any CPU.ActiveCfg = Release|Any CPU
		{D5F3E093-C3AF-4DDE-B66B-505F6ACB05C3}.Release|Any CPU.Build.0 = Release|Any CPU
		{A4AB6734-77B4-4F89-8C2F-5056D060BC0F}.Debug|Any CPU.ActiveCfg = Debug|Any CPU
		{A4AB6734-77B4-4F89-8C2F-5056D060BC0F}.Debug|Any CPU.Build.0 = Debug|Any CPU
		{A4AB6734-77B4-4F89-8C2F-5056D060BC0F}.Release|Any CPU.ActiveCfg = Release|Any CPU
		{A4AB6734-77B4-4F89-8C2F-5056D060BC0F}.Release|Any CPU.Build.0 = Release|Any CPU
		{6B548BAD-65AE-4CCA-B455-296912EB4F11}.Debug|Any CPU.ActiveCfg = Debug|Any CPU
		{6B548BAD-65AE-4CCA-B455-296912EB4F11}.Debug|Any CPU.Build.0 = Debug|Any CPU
		{6B548BAD-65AE-4CCA-B455-296912EB4F11}.Release|Any CPU.ActiveCfg = Release|Any CPU
		{6B548BAD-65AE-4CCA-B455-296912EB4F11}.Release|Any CPU.Build.0 = Release|Any CPU
		{F90DF0A0-9F54-4EF6-B53D-0CFD14417A98}.Debug|Any CPU.ActiveCfg = Debug|Any CPU
		{F90DF0A0-9F54-4EF6-B53D-0CFD14417A98}.Debug|Any CPU.Build.0 = Debug|Any CPU
		{F90DF0A0-9F54-4EF6-B53D-0CFD14417A98}.Release|Any CPU.ActiveCfg = Release|Any CPU
		{F90DF0A0-9F54-4EF6-B53D-0CFD14417A98}.Release|Any CPU.Build.0 = Release|Any CPU
		{24E8697B-2D0C-4B83-8F0E-AD8705F93D86}.Debug|Any CPU.ActiveCfg = Debug|Any CPU
		{24E8697B-2D0C-4B83-8F0E-AD8705F93D86}.Debug|Any CPU.Build.0 = Debug|Any CPU
		{24E8697B-2D0C-4B83-8F0E-AD8705F93D86}.Release|Any CPU.ActiveCfg = Release|Any CPU
		{24E8697B-2D0C-4B83-8F0E-AD8705F93D86}.Release|Any CPU.Build.0 = Release|Any CPU
	EndGlobalSection
	GlobalSection(SolutionProperties) = preSolution
		HideSolutionNode = FALSE
	EndGlobalSection
	GlobalSection(ExtensibilityGlobals) = postSolution
		SolutionGuid = {1FE9B9B2-5976-4928-885D-B7E945DBFB1B}
	EndGlobalSection
EndGlobal
